
Microsoft Visual Studio Solution File, Format Version 12.00
# Visual Studio 15
Project("{FAE04EC0-301F-11D3-BF4B-00C04F79EFBC}") = "Assembly-CSharp-Editor", "Assembly-CSharp-Editor.csproj", "{8DB66BA7-A23E-77D6-2732-197A769FBFB9}"
EndProject
Project("{FAE04EC0-301F-11D3-BF4B-00C04F79EFBC}") = "Assembly-CSharp", "Assembly-CSharp.csproj", "{0E378E64-B7D6-7872-A99B-9B3D213B9548}"
EndProject
Project("{FAE04EC0-301F-11D3-BF4B-00C04F79EFBC}") = "UniTask", "UniTask.csproj", "{BE7BA6C1-70C8-E212-530B-ADA9112E7723}"
EndProject
Project("{FAE04EC0-301F-11D3-BF4B-00C04F79EFBC}") = "spine-unity", "spine-unity.csproj", "{10F1BB81-C43E-2257-BF22-94FA80A2D5B5}"
EndProject
Project("{FAE04EC0-301F-11D3-BF4B-00C04F79EFBC}") = "UniTask.Linq", "UniTask.Linq.csproj", "{2673E8C6-7E11-E008-FDA8-B5E8D21F7321}"
EndProject
Project("{FAE04EC0-301F-11D3-BF4B-00C04F79EFBC}") = "spine-unity-editor", "spine-unity-editor.csproj", "{1BE6B3D5-60A0-38AB-06D7-75380307C63D}"
EndProject
Project("{FAE04EC0-301F-11D3-BF4B-00C04F79EFBC}") = "spine-csharp", "spine-csharp.csproj", "{570AF4F8-7EB5-581A-B209-75112DAA6B73}"
EndProject
Project("{FAE04EC0-301F-11D3-BF4B-00C04F79EFBC}") = "AppsFlyer", "AppsFlyer.csproj", "{1861E342-A39C-FCC3-64A3-F6EE3E234BB8}"
EndProject
Project("{FAE04EC0-301F-11D3-BF4B-00C04F79EFBC}") = "Assembly-CSharp-firstpass", "Assembly-CSharp-firstpass.csproj", "{25D8334E-6AB3-948C-F05D-2A61F851B8C7}"
EndProject
Project("{FAE04EC0-301F-11D3-BF4B-00C04F79EFBC}") = "UniTask.Addressables", "UniTask.Addressables.csproj", "{636B07E4-DB95-61FB-8F88-61E533DBC035}"
EndProject
Project("{FAE04EC0-301F-11D3-BF4B-00C04F79EFBC}") = "Sirenix.OdinInspector.Modules.Unity.Addressables", "Sirenix.OdinInspector.Modules.Unity.Addressables.csproj", "{DE5431CC-FC03-2545-4317-DC55EB34729D}"
EndProject
Project("{FAE04EC0-301F-11D3-BF4B-00C04F79EFBC}") = "UniTask.TextMeshPro", "UniTask.TextMeshPro.csproj", "{D4CE23BE-A9D9-5973-E102-DE7D6040E0BE}"
EndProject
Project("{FAE04EC0-301F-11D3-BF4B-00C04F79EFBC}") = "AppsFlyer.Editor", "AppsFlyer.Editor.csproj", "{A2AD9911-C935-9F0D-B10A-B14031C59047}"
EndProject
Project("{FAE04EC0-301F-11D3-BF4B-00C04F79EFBC}") = "UniTask.DOTween", "UniTask.DOTween.csproj", "{412B4FC6-75D5-B51A-E909-C4BB469DC2B1}"
EndProject
Project("{FAE04EC0-301F-11D3-BF4B-00C04F79EFBC}") = "UniTask.Editor", "UniTask.Editor.csproj", "{1E603307-3E65-9A3E-DA23-4AB024F392DB}"
EndProject
Project("{FAE04EC0-301F-11D3-BF4B-00C04F79EFBC}") = "Assembly-CSharp-Editor-firstpass", "Assembly-CSharp-Editor-firstpass.csproj", "{9210D46F-3208-7180-82E3-8FEE5A4B7D5E}"
EndProject
Project("{FAE04EC0-301F-11D3-BF4B-00C04F79EFBC}") = "FirebaseMessagingActivityGenerator", "FirebaseMessagingActivityGenerator.csproj", "{FCC57BD1-2C2B-2406-670C-FDE007B40332}"
EndProject
Project("{FAE04EC0-301F-11D3-BF4B-00C04F79EFBC}") = "Sirenix.OdinInspector.Modules.UnityMathematics", "Sirenix.OdinInspector.Modules.UnityMathematics.csproj", "{B91DFD95-F58B-AF1E-49D6-D105A318077B}"
EndProject
Global
	GlobalSection(SolutionConfigurationPlatforms) = preSolution
		Debug|Any CPU = Debug|Any CPU
		Release|Any CPU = Release|Any CPU
	EndGlobalSection
	GlobalSection(ProjectConfigurationPlatforms) = postSolution
		{8DB66BA7-A23E-77D6-2732-197A769FBFB9}.Debug|Any CPU.ActiveCfg = Debug|Any CPU
		{8DB66BA7-A23E-77D6-2732-197A769FBFB9}.Debug|Any CPU.Build.0 = Debug|Any CPU
		{8DB66BA7-A23E-77D6-2732-197A769FBFB9}.Release|Any CPU.ActiveCfg = Release|Any CPU
		{8DB66BA7-A23E-77D6-2732-197A769FBFB9}.Release|Any CPU.Build.0 = Release|Any CPU
		{0E378E64-B7D6-7872-A99B-9B3D213B9548}.Debug|Any CPU.ActiveCfg = Debug|Any CPU
		{0E378E64-B7D6-7872-A99B-9B3D213B9548}.Debug|Any CPU.Build.0 = Debug|Any CPU
		{0E378E64-B7D6-7872-A99B-9B3D213B9548}.Release|Any CPU.ActiveCfg = Release|Any CPU
		{0E378E64-B7D6-7872-A99B-9B3D213B9548}.Release|Any CPU.Build.0 = Release|Any CPU
		{BE7BA6C1-70C8-E212-530B-ADA9112E7723}.Debug|Any CPU.ActiveCfg = Debug|Any CPU
		{BE7BA6C1-70C8-E212-530B-ADA9112E7723}.Debug|Any CPU.Build.0 = Debug|Any CPU
		{BE7BA6C1-70C8-E212-530B-ADA9112E7723}.Release|Any CPU.ActiveCfg = Release|Any CPU
		{BE7BA6C1-70C8-E212-530B-ADA9112E7723}.Release|Any CPU.Build.0 = Release|Any CPU
		{10F1BB81-C43E-2257-BF22-94FA80A2D5B5}.Debug|Any CPU.ActiveCfg = Debug|Any CPU
		{10F1BB81-C43E-2257-BF22-94FA80A2D5B5}.Debug|Any CPU.Build.0 = Debug|Any CPU
		{10F1BB81-C43E-2257-BF22-94FA80A2D5B5}.Release|Any CPU.ActiveCfg = Release|Any CPU
		{10F1BB81-C43E-2257-BF22-94FA80A2D5B5}.Release|Any CPU.Build.0 = Release|Any CPU
		{2673E8C6-7E11-E008-FDA8-B5E8D21F7321}.Debug|Any CPU.ActiveCfg = Debug|Any CPU
		{2673E8C6-7E11-E008-FDA8-B5E8D21F7321}.Debug|Any CPU.Build.0 = Debug|Any CPU
		{2673E8C6-7E11-E008-FDA8-B5E8D21F7321}.Release|Any CPU.ActiveCfg = Release|Any CPU
		{2673E8C6-7E11-E008-FDA8-B5E8D21F7321}.Release|Any CPU.Build.0 = Release|Any CPU
		{1BE6B3D5-60A0-38AB-06D7-75380307C63D}.Debug|Any CPU.ActiveCfg = Debug|Any CPU
		{1BE6B3D5-60A0-38AB-06D7-75380307C63D}.Debug|Any CPU.Build.0 = Debug|Any CPU
		{1BE6B3D5-60A0-38AB-06D7-75380307C63D}.Release|Any CPU.ActiveCfg = Release|Any CPU
		{1BE6B3D5-60A0-38AB-06D7-75380307C63D}.Release|Any CPU.Build.0 = Release|Any CPU
		{570AF4F8-7EB5-581A-B209-75112DAA6B73}.Debug|Any CPU.ActiveCfg = Debug|Any CPU
		{570AF4F8-7EB5-581A-B209-75112DAA6B73}.Debug|Any CPU.Build.0 = Debug|Any CPU
		{570AF4F8-7EB5-581A-B209-75112DAA6B73}.Release|Any CPU.ActiveCfg = Release|Any CPU
		{570AF4F8-7EB5-581A-B209-75112DAA6B73}.Release|Any CPU.Build.0 = Release|Any CPU
		{1861E342-A39C-FCC3-64A3-F6EE3E234BB8}.Debug|Any CPU.ActiveCfg = Debug|Any CPU
		{1861E342-A39C-FCC3-64A3-F6EE3E234BB8}.Debug|Any CPU.Build.0 = Debug|Any CPU
		{1861E342-A39C-FCC3-64A3-F6EE3E234BB8}.Release|Any CPU.ActiveCfg = Release|Any CPU
		{1861E342-A39C-FCC3-64A3-F6EE3E234BB8}.Release|Any CPU.Build.0 = Release|Any CPU
		{25D8334E-6AB3-948C-F05D-2A61F851B8C7}.Debug|Any CPU.ActiveCfg = Debug|Any CPU
		{25D8334E-6AB3-948C-F05D-2A61F851B8C7}.Debug|Any CPU.Build.0 = Debug|Any CPU
		{25D8334E-6AB3-948C-F05D-2A61F851B8C7}.Release|Any CPU.ActiveCfg = Release|Any CPU
		{25D8334E-6AB3-948C-F05D-2A61F851B8C7}.Release|Any CPU.Build.0 = Release|Any CPU
		{636B07E4-DB95-61FB-8F88-61E533DBC035}.Debug|Any CPU.ActiveCfg = Debug|Any CPU
		{636B07E4-DB95-61FB-8F88-61E533DBC035}.Debug|Any CPU.Build.0 = Debug|Any CPU
		{636B07E4-DB95-61FB-8F88-61E533DBC035}.Release|Any CPU.ActiveCfg = Release|Any CPU
		{636B07E4-DB95-61FB-8F88-61E533DBC035}.Release|Any CPU.Build.0 = Release|Any CPU
		{DE5431CC-FC03-2545-4317-DC55EB34729D}.Debug|Any CPU.ActiveCfg = Debug|Any CPU
		{DE5431CC-FC03-2545-4317-DC55EB34729D}.Debug|Any CPU.Build.0 = Debug|Any CPU
		{DE5431CC-FC03-2545-4317-DC55EB34729D}.Release|Any CPU.ActiveCfg = Release|Any CPU
		{DE5431CC-FC03-2545-4317-DC55EB34729D}.Release|Any CPU.Build.0 = Release|Any CPU
		{D4CE23BE-A9D9-5973-E102-DE7D6040E0BE}.Debug|Any CPU.ActiveCfg = Debug|Any CPU
		{D4CE23BE-A9D9-5973-E102-DE7D6040E0BE}.Debug|Any CPU.Build.0 = Debug|Any CPU
		{D4CE23BE-A9D9-5973-E102-DE7D6040E0BE}.Release|Any CPU.ActiveCfg = Release|Any CPU
		{D4CE23BE-A9D9-5973-E102-DE7D6040E0BE}.Release|Any CPU.Build.0 = Release|Any CPU
		{A2AD9911-C935-9F0D-B10A-B14031C59047}.Debug|Any CPU.ActiveCfg = Debug|Any CPU
		{A2AD9911-C935-9F0D-B10A-B14031C59047}.Debug|Any CPU.Build.0 = Debug|Any CPU
		{A2AD9911-C935-9F0D-B10A-B14031C59047}.Release|Any CPU.ActiveCfg = Release|Any CPU
		{A2AD9911-C935-9F0D-B10A-B14031C59047}.Release|Any CPU.Build.0 = Release|Any CPU
		{412B4FC6-75D5-B51A-E909-C4BB469DC2B1}.Debug|Any CPU.ActiveCfg = Debug|Any CPU
		{412B4FC6-75D5-B51A-E909-C4BB469DC2B1}.Debug|Any CPU.Build.0 = Debug|Any CPU
		{412B4FC6-75D5-B51A-E909-C4BB469DC2B1}.Release|Any CPU.ActiveCfg = Release|Any CPU
		{412B4FC6-75D5-B51A-E909-C4BB469DC2B1}.Release|Any CPU.Build.0 = Release|Any CPU
		{1E603307-3E65-9A3E-DA23-4AB024F392DB}.Debug|Any CPU.ActiveCfg = Debug|Any CPU
		{1E603307-3E65-9A3E-DA23-4AB024F392DB}.Debug|Any CPU.Build.0 = Debug|Any CPU
		{1E603307-3E65-9A3E-DA23-4AB024F392DB}.Release|Any CPU.ActiveCfg = Release|Any CPU
		{1E603307-3E65-9A3E-DA23-4AB024F392DB}.Release|Any CPU.Build.0 = Release|Any CPU
		{9210D46F-3208-7180-82E3-8FEE5A4B7D5E}.Debug|Any CPU.ActiveCfg = Debug|Any CPU
		{9210D46F-3208-7180-82E3-8FEE5A4B7D5E}.Debug|Any CPU.Build.0 = Debug|Any CPU
		{9210D46F-3208-7180-82E3-8FEE5A4B7D5E}.Release|Any CPU.ActiveCfg = Release|Any CPU
		{9210D46F-3208-7180-82E3-8FEE5A4B7D5E}.Release|Any CPU.Build.0 = Release|Any CPU
		{FCC57BD1-2C2B-2406-670C-FDE007B40332}.Debug|Any CPU.ActiveCfg = Debug|Any CPU
		{FCC57BD1-2C2B-2406-670C-FDE007B40332}.Debug|Any CPU.Build.0 = Debug|Any CPU
		{FCC57BD1-2C2B-2406-670C-FDE007B40332}.Release|Any CPU.ActiveCfg = Release|Any CPU
		{FCC57BD1-2C2B-2406-670C-FDE007B40332}.Release|Any CPU.Build.0 = Release|Any CPU
		{B91DFD95-F58B-AF1E-49D6-D105A318077B}.Debug|Any CPU.ActiveCfg = Debug|Any CPU
		{B91DFD95-F58B-AF1E-49D6-D105A318077B}.Debug|Any CPU.Build.0 = Debug|Any CPU
		{B91DFD95-F58B-AF1E-49D6-D105A318077B}.Release|Any CPU.ActiveCfg = Release|Any CPU
		{B91DFD95-F58B-AF1E-49D6-D105A318077B}.Release|Any CPU.Build.0 = Release|Any CPU
	EndGlobalSection
	GlobalSection(SolutionProperties) = preSolution
		HideSolutionNode = FALSE
	EndGlobalSection
EndGlobal
